// !$*UTF8*$!
{
	archiveVersion = 1;
	classes = {
	};
	objectVersion = 51;
	objects = {

/* Begin PBXBuildFile section */
		4C3726D323C5D02500D0484C /* LoginRouter.swift in Sources */ = {isa = PBXBuildFile; fileRef = 4C3726CF23C5D02500D0484C /* LoginRouter.swift */; };
		4C3726D423C5D02500D0484C /* LoginViewController.swift in Sources */ = {isa = PBXBuildFile; fileRef = 4C3726D023C5D02500D0484C /* LoginViewController.swift */; };
		4C3726D523C5D02500D0484C /* LoginBuilder.swift in Sources */ = {isa = PBXBuildFile; fileRef = 4C3726D123C5D02500D0484C /* LoginBuilder.swift */; };
		4C3726D623C5D02500D0484C /* LoginInteractor.swift in Sources */ = {isa = PBXBuildFile; fileRef = 4C3726D223C5D02500D0484C /* LoginInteractor.swift */; };
		4C43B9FC23C465F000D8FD1D /* AppDelegate.swift in Sources */ = {isa = PBXBuildFile; fileRef = 4C43B9FB23C465F000D8FD1D /* AppDelegate.swift */; };
		4C43BA0023C465F000D8FD1D /* ViewController.swift in Sources */ = {isa = PBXBuildFile; fileRef = 4C43B9FF23C465F000D8FD1D /* ViewController.swift */; };
		4C43BA0323C465F000D8FD1D /* Main.storyboard in Resources */ = {isa = PBXBuildFile; fileRef = 4C43BA0123C465F000D8FD1D /* Main.storyboard */; };
		4C43BA0523C465F100D8FD1D /* Assets.xcassets in Resources */ = {isa = PBXBuildFile; fileRef = 4C43BA0423C465F100D8FD1D /* Assets.xcassets */; };
		4C43BA0823C465F100D8FD1D /* LaunchScreen.storyboard in Resources */ = {isa = PBXBuildFile; fileRef = 4C43BA0623C465F100D8FD1D /* LaunchScreen.storyboard */; };
		A5FB8654DF912F3AEF6058DC /* Pods_RIBsExample.framework in Frameworks */ = {isa = PBXBuildFile; fileRef = 582674A13042678E7AA32C76 /* Pods_RIBsExample.framework */; };
/* End PBXBuildFile section */

/* Begin PBXFileReference section */
		4C3726CF23C5D02500D0484C /* LoginRouter.swift */ = {isa = PBXFileReference; lastKnownFileType = sourcecode.swift; path = LoginRouter.swift; sourceTree = "<group>"; };
		4C3726D023C5D02500D0484C /* LoginViewController.swift */ = {isa = PBXFileReference; lastKnownFileType = sourcecode.swift; path = LoginViewController.swift; sourceTree = "<group>"; };
		4C3726D123C5D02500D0484C /* LoginBuilder.swift */ = {isa = PBXFileReference; lastKnownFileType = sourcecode.swift; path = LoginBuilder.swift; sourceTree = "<group>"; };
		4C3726D223C5D02500D0484C /* LoginInteractor.swift */ = {isa = PBXFileReference; lastKnownFileType = sourcecode.swift; path = LoginInteractor.swift; sourceTree = "<group>"; };
		4C43B9F823C465F000D8FD1D /* RIBsExample.app */ = {isa = PBXFileReference; explicitFileType = wrapper.application; includeInIndex = 0; path = RIBsExample.app; sourceTree = BUILT_PRODUCTS_DIR; };
		4C43B9FB23C465F000D8FD1D /* AppDelegate.swift */ = {isa = PBXFileReference; lastKnownFileType = sourcecode.swift; path = AppDelegate.swift; sourceTree = "<group>"; };
		4C43B9FF23C465F000D8FD1D /* ViewController.swift */ = {isa = PBXFileReference; lastKnownFileType = sourcecode.swift; path = ViewController.swift; sourceTree = "<group>"; };
		4C43BA0223C465F000D8FD1D /* Base */ = {isa = PBXFileReference; lastKnownFileType = file.storyboard; name = Base; path = Base.lproj/Main.storyboard; sourceTree = "<group>"; };
		4C43BA0423C465F100D8FD1D /* Assets.xcassets */ = {isa = PBXFileReference; lastKnownFileType = folder.assetcatalog; path = Assets.xcassets; sourceTree = "<group>"; };
		4C43BA0723C465F100D8FD1D /* Base */ = {isa = PBXFileReference; lastKnownFileType = file.storyboard; name = Base; path = Base.lproj/LaunchScreen.storyboard; sourceTree = "<group>"; };
		4C43BA0923C465F100D8FD1D /* Info.plist */ = {isa = PBXFileReference; lastKnownFileType = text.plist.xml; path = Info.plist; sourceTree = "<group>"; };
		582674A13042678E7AA32C76 /* Pods_RIBsExample.framework */ = {isa = PBXFileReference; explicitFileType = wrapper.framework; includeInIndex = 0; path = Pods_RIBsExample.framework; sourceTree = BUILT_PRODUCTS_DIR; };
		806E9535555EBD3089F3E6FD /* Pods-RIBsExample.release.xcconfig */ = {isa = PBXFileReference; includeInIndex = 1; lastKnownFileType = text.xcconfig; name = "Pods-RIBsExample.release.xcconfig"; path = "Target Support Files/Pods-RIBsExample/Pods-RIBsExample.release.xcconfig"; sourceTree = "<group>"; };
		A08B2EF4B140DA3815476BE0 /* Pods-RIBsExample.debug.xcconfig */ = {isa = PBXFileReference; includeInIndex = 1; lastKnownFileType = text.xcconfig; name = "Pods-RIBsExample.debug.xcconfig"; path = "Target Support Files/Pods-RIBsExample/Pods-RIBsExample.debug.xcconfig"; sourceTree = "<group>"; };
/* End PBXFileReference section */

/* Begin PBXFrameworksBuildPhase section */
		4C43B9F523C465F000D8FD1D /* Frameworks */ = {
			isa = PBXFrameworksBuildPhase;
			buildActionMask = 2147483647;
			files = (
				A5FB8654DF912F3AEF6058DC /* Pods_RIBsExample.framework in Frameworks */,
			);
			runOnlyForDeploymentPostprocessing = 0;
		};
/* End PBXFrameworksBuildPhase section */

/* Begin PBXGroup section */
		4C43B9EF23C465F000D8FD1D = {
			isa = PBXGroup;
			children = (
				4C43B9FA23C465F000D8FD1D /* RIBsExample */,
				4C43B9F923C465F000D8FD1D /* Products */,
				FDEDD4E26EDBBE74BD7FE023 /* Pods */,
				968681D0BAC7DC49EEDFEE91 /* Frameworks */,
			);
			sourceTree = "<group>";
		};
		4C43B9F923C465F000D8FD1D /* Products */ = {
			isa = PBXGroup;
			children = (
				4C43B9F823C465F000D8FD1D /* RIBsExample.app */,
			);
			name = Products;
			sourceTree = "<group>";
		};
		4C43B9FA23C465F000D8FD1D /* RIBsExample */ = {
			isa = PBXGroup;
			children = (
				4C63280923C4F887001A1CE5 /* Login */,
				4C43B9FB23C465F000D8FD1D /* AppDelegate.swift */,
				4C43B9FF23C465F000D8FD1D /* ViewController.swift */,
				4C43BA0123C465F000D8FD1D /* Main.storyboard */,
				4C43BA0423C465F100D8FD1D /* Assets.xcassets */,
				4C43BA0623C465F100D8FD1D /* LaunchScreen.storyboard */,
				4C43BA0923C465F100D8FD1D /* Info.plist */,
			);
			path = RIBsExample;
			sourceTree = "<group>";
		};
		4C63280923C4F887001A1CE5 /* Login */ = {
			isa = PBXGroup;
			children = (
				4C3726CF23C5D02500D0484C /* LoginRouter.swift */,
				4C3726D023C5D02500D0484C /* LoginViewController.swift */,
				4C3726D123C5D02500D0484C /* LoginBuilder.swift */,
				4C3726D223C5D02500D0484C /* LoginInteractor.swift */,
			);
			path = Login;
			sourceTree = "<group>";
		};
		968681D0BAC7DC49EEDFEE91 /* Frameworks */ = {
			isa = PBXGroup;
			children = (
				582674A13042678E7AA32C76 /* Pods_RIBsExample.framework */,
			);
			name = Frameworks;
			sourceTree = "<group>";
		};
		FDEDD4E26EDBBE74BD7FE023 /* Pods */ = {
			isa = PBXGroup;
			children = (
				A08B2EF4B140DA3815476BE0 /* Pods-RIBsExample.debug.xcconfig */,
				806E9535555EBD3089F3E6FD /* Pods-RIBsExample.release.xcconfig */,
			);
			path = Pods;
			sourceTree = "<group>";
		};
/* End PBXGroup section */

/* Begin PBXNativeTarget section */
		4C43B9F723C465F000D8FD1D /* RIBsExample */ = {
			isa = PBXNativeTarget;
			buildConfigurationList = 4C43BA0C23C465F100D8FD1D /* Build configuration list for PBXNativeTarget "RIBsExample" */;
			buildPhases = (
				F750E248B4F097757F708D69 /* [CP] Check Pods Manifest.lock */,
				4C43B9F423C465F000D8FD1D /* Sources */,
				4C43B9F523C465F000D8FD1D /* Frameworks */,
				4C43B9F623C465F000D8FD1D /* Resources */,
				4635FB0F0C54FBAA12DFEB56 /* [CP] Embed Pods Frameworks */,
			);
			buildRules = (
			);
			dependencies = (
			);
			name = RIBsExample;
			productName = RIBsExample;
			productReference = 4C43B9F823C465F000D8FD1D /* RIBsExample.app */;
			productType = "com.apple.product-type.application";
		};
/* End PBXNativeTarget section */

/* Begin PBXProject section */
		4C43B9F023C465F000D8FD1D /* Project object */ = {
			isa = PBXProject;
			attributes = {
				LastSwiftUpdateCheck = 1130;
				LastUpgradeCheck = 1130;
				ORGANIZATIONNAME = "고대원";
				TargetAttributes = {
					4C43B9F723C465F000D8FD1D = {
						CreatedOnToolsVersion = 11.3;
					};
				};
			};
			buildConfigurationList = 4C43B9F323C465F000D8FD1D /* Build configuration list for PBXProject "RIBsExample" */;
			compatibilityVersion = "Xcode 9.3";
			developmentRegion = en;
			hasScannedForEncodings = 0;
			knownRegions = (
				en,
				Base,
			);
			mainGroup = 4C43B9EF23C465F000D8FD1D;
			productRefGroup = 4C43B9F923C465F000D8FD1D /* Products */;
			projectDirPath = "";
			projectRoot = "";
			targets = (
				4C43B9F723C465F000D8FD1D /* RIBsExample */,
			);
		};
/* End PBXProject section */

/* Begin PBXResourcesBuildPhase section */
		4C43B9F623C465F000D8FD1D /* Resources */ = {
			isa = PBXResourcesBuildPhase;
			buildActionMask = 2147483647;
			files = (
				4C43BA0823C465F100D8FD1D /* LaunchScreen.storyboard in Resources */,
				4C43BA0523C465F100D8FD1D /* Assets.xcassets in Resources */,
				4C43BA0323C465F000D8FD1D /* Main.storyboard in Resources */,
			);
			runOnlyForDeploymentPostprocessing = 0;
		};
/* End PBXResourcesBuildPhase section */

/* Begin PBXShellScriptBuildPhase section */
		4635FB0F0C54FBAA12DFEB56 /* [CP] Embed Pods Frameworks */ = {
			isa = PBXShellScriptBuildPhase;
			buildActionMask = 2147483647;
			files = (
			);
			inputFileListPaths = (
				"${PODS_ROOT}/Target Support Files/Pods-RIBsExample/Pods-RIBsExample-frameworks-${CONFIGURATION}-input-files.xcfilelist",
			);
			name = "[CP] Embed Pods Frameworks";
			outputFileListPaths = (
				"${PODS_ROOT}/Target Support Files/Pods-RIBsExample/Pods-RIBsExample-frameworks-${CONFIGURATION}-output-files.xcfilelist",
			);
			runOnlyForDeploymentPostprocessing = 0;
			shellPath = /bin/sh;
			shellScript = "\"${PODS_ROOT}/Target Support Files/Pods-RIBsExample/Pods-RIBsExample-frameworks.sh\"\n";
			showEnvVarsInLog = 0;
		};
		F750E248B4F097757F708D69 /* [CP] Check Pods Manifest.lock */ = {
			isa = PBXShellScriptBuildPhase;
			buildActionMask = 2147483647;
			files = (
			);
			inputFileListPaths = (
			);
			inputPaths = (
				"${PODS_PODFILE_DIR_PATH}/Podfile.lock",
				"${PODS_ROOT}/Manifest.lock",
			);
			name = "[CP] Check Pods Manifest.lock";
			outputFileListPaths = (
			);
			outputPaths = (
				"$(DERIVED_FILE_DIR)/Pods-RIBsExample-checkManifestLockResult.txt",
			);
			runOnlyForDeploymentPostprocessing = 0;
			shellPath = /bin/sh;
			shellScript = "diff \"${PODS_PODFILE_DIR_PATH}/Podfile.lock\" \"${PODS_ROOT}/Manifest.lock\" > /dev/null\nif [ $? != 0 ] ; then\n    # print error to STDERR\n    echo \"error: The sandbox is not in sync with the Podfile.lock. Run 'pod install' or update your CocoaPods installation.\" >&2\n    exit 1\nfi\n# This output is used by Xcode 'outputs' to avoid re-running this script phase.\necho \"SUCCESS\" > \"${SCRIPT_OUTPUT_FILE_0}\"\n";
			showEnvVarsInLog = 0;
		};
/* End PBXShellScriptBuildPhase section */

/* Begin PBXSourcesBuildPhase section */
		4C43B9F423C465F000D8FD1D /* Sources */ = {
			isa = PBXSourcesBuildPhase;
			buildActionMask = 2147483647;
			files = (
				4C3726D423C5D02500D0484C /* LoginViewController.swift in Sources */,
				4C43BA0023C465F000D8FD1D /* ViewController.swift in Sources */,
				4C3726D623C5D02500D0484C /* LoginInteractor.swift in Sources */,
				4C3726D523C5D02500D0484C /* LoginBuilder.swift in Sources */,
				4C43B9FC23C465F000D8FD1D /* AppDelegate.swift in Sources */,
				4C3726D323C5D02500D0484C /* LoginRouter.swift in Sources */,
			);
			runOnlyForDeploymentPostprocessing = 0;
		};
/* End PBXSourcesBuildPhase section */

/* Begin PBXVariantGroup section */
		4C43BA0123C465F000D8FD1D /* Main.storyboard */ = {
			isa = PBXVariantGroup;
			children = (
				4C43BA0223C465F000D8FD1D /* Base */,
			);
			name = Main.storyboard;
			sourceTree = "<group>";
		};
		4C43BA0623C465F100D8FD1D /* LaunchScreen.storyboard */ = {
			isa = PBXVariantGroup;
			children = (
				4C43BA0723C465F100D8FD1D /* Base */,
			);
			name = LaunchScreen.storyboard;
			sourceTree = "<group>";
		};
/* End PBXVariantGroup section */

/* Begin XCBuildConfiguration section */
		4C43BA0A23C465F100D8FD1D /* Debug */ = {
			isa = XCBuildConfiguration;
			buildSettings = {
				ALWAYS_SEARCH_USER_PATHS = NO;
				CLANG_ANALYZER_NONNULL = YES;
				CLANG_ANALYZER_NUMBER_OBJECT_CONVERSION = YES_AGGRESSIVE;
				CLANG_CXX_LANGUAGE_STANDARD = "gnu++14";
				CLANG_CXX_LIBRARY = "libc++";
				CLANG_ENABLE_MODULES = YES;
				CLANG_ENABLE_OBJC_ARC = YES;
				CLANG_ENABLE_OBJC_WEAK = YES;
				CLANG_WARN_BLOCK_CAPTURE_AUTORELEASING = YES;
				CLANG_WARN_BOOL_CONVERSION = YES;
				CLANG_WARN_COMMA = YES;
				CLANG_WARN_CONSTANT_CONVERSION = YES;
				CLANG_WARN_DEPRECATED_OBJC_IMPLEMENTATIONS = YES;
				CLANG_WARN_DIRECT_OBJC_ISA_USAGE = YES_ERROR;
				CLANG_WARN_DOCUMENTATION_COMMENTS = YES;
				CLANG_WARN_EMPTY_BODY = YES;
				CLANG_WARN_ENUM_CONVERSION = YES;
				CLANG_WARN_INFINITE_RECURSION = YES;
				CLANG_WARN_INT_CONVERSION = YES;
				CLANG_WARN_NON_LITERAL_NULL_CONVERSION = YES;
				CLANG_WARN_OBJC_IMPLICIT_RETAIN_SELF = YES;
				CLANG_WARN_OBJC_LITERAL_CONVERSION = YES;
				CLANG_WARN_OBJC_ROOT_CLASS = YES_ERROR;
				CLANG_WARN_RANGE_LOOP_ANALYSIS = YES;
				CLANG_WARN_STRICT_PROTOTYPES = YES;
				CLANG_WARN_SUSPICIOUS_MOVE = YES;
				CLANG_WARN_UNGUARDED_AVAILABILITY = YES_AGGRESSIVE;
				CLANG_WARN_UNREACHABLE_CODE = YES;
				CLANG_WARN__DUPLICATE_METHOD_MATCH = YES;
				COPY_PHASE_STRIP = NO;
				DEBUG_INFORMATION_FORMAT = dwarf;
				ENABLE_STRICT_OBJC_MSGSEND = YES;
				ENABLE_TESTABILITY = YES;
				GCC_C_LANGUAGE_STANDARD = gnu11;
				GCC_DYNAMIC_NO_PIC = NO;
				GCC_NO_COMMON_BLOCKS = YES;
				GCC_OPTIMIZATION_LEVEL = 0;
				GCC_PREPROCESSOR_DEFINITIONS = (
					"DEBUG=1",
					"$(inherited)",
				);
				GCC_WARN_64_TO_32_BIT_CONVERSION = YES;
				GCC_WARN_ABOUT_RETURN_TYPE = YES_ERROR;
				GCC_WARN_UNDECLARED_SELECTOR = YES;
				GCC_WARN_UNINITIALIZED_AUTOS = YES_AGGRESSIVE;
				GCC_WARN_UNUSED_FUNCTION = YES;
				GCC_WARN_UNUSED_VARIABLE = YES;
				IPHONEOS_DEPLOYMENT_TARGET = 13.2;
				MTL_ENABLE_DEBUG_INFO = INCLUDE_SOURCE;
				MTL_FAST_MATH = YES;
				ONLY_ACTIVE_ARCH = YES;
				SDKROOT = iphoneos;
				SWIFT_ACTIVE_COMPILATION_CONDITIONS = DEBUG;
				SWIFT_OPTIMIZATION_LEVEL = "-Onone";
			};
			name = Debug;
		};
		4C43BA0B23C465F100D8FD1D /* Release */ = {
			isa = XCBuildConfiguration;
			buildSettings = {
				ALWAYS_SEARCH_USER_PATHS = NO;
				CLANG_ANALYZER_NONNULL = YES;
				CLANG_ANALYZER_NUMBER_OBJECT_CONVERSION = YES_AGGRESSIVE;
				CLANG_CXX_LANGUAGE_STANDARD = "gnu++14";
				CLANG_CXX_LIBRARY = "libc++";
				CLANG_ENABLE_MODULES = YES;
				CLANG_ENABLE_OBJC_ARC = YES;
				CLANG_ENABLE_OBJC_WEAK = YES;
				CLANG_WARN_BLOCK_CAPTURE_AUTORELEASING = YES;
				CLANG_WARN_BOOL_CONVERSION = YES;
				CLANG_WARN_COMMA = YES;
				CLANG_WARN_CONSTANT_CONVERSION = YES;
				CLANG_WARN_DEPRECATED_OBJC_IMPLEMENTATIONS = YES;
				CLANG_WARN_DIRECT_OBJC_ISA_USAGE = YES_ERROR;
				CLANG_WARN_DOCUMENTATION_COMMENTS = YES;
				CLANG_WARN_EMPTY_BODY = YES;
				CLANG_WARN_ENUM_CONVERSION = YES;
				CLANG_WARN_INFINITE_RECURSION = YES;
				CLANG_WARN_INT_CONVERSION = YES;
				CLANG_WARN_NON_LITERAL_NULL_CONVERSION = YES;
				CLANG_WARN_OBJC_IMPLICIT_RETAIN_SELF = YES;
				CLANG_WARN_OBJC_LITERAL_CONVERSION = YES;
				CLANG_WARN_OBJC_ROOT_CLASS = YES_ERROR;
				CLANG_WARN_RANGE_LOOP_ANALYSIS = YES;
				CLANG_WARN_STRICT_PROTOTYPES = YES;
				CLANG_WARN_SUSPICIOUS_MOVE = YES;
				CLANG_WARN_UNGUARDED_AVAILABILITY = YES_AGGRESSIVE;
				CLANG_WARN_UNREACHABLE_CODE = YES;
				CLANG_WARN__DUPLICATE_METHOD_MATCH = YES;
				COPY_PHASE_STRIP = NO;
				DEBUG_INFORMATION_FORMAT = "dwarf-with-dsym";
				ENABLE_NS_ASSERTIONS = NO;
				ENABLE_STRICT_OBJC_MSGSEND = YES;
				GCC_C_LANGUAGE_STANDARD = gnu11;
				GCC_NO_COMMON_BLOCKS = YES;
				GCC_WARN_64_TO_32_BIT_CONVERSION = YES;
				GCC_WARN_ABOUT_RETURN_TYPE = YES_ERROR;
				GCC_WARN_UNDECLARED_SELECTOR = YES;
				GCC_WARN_UNINITIALIZED_AUTOS = YES_AGGRESSIVE;
				GCC_WARN_UNUSED_FUNCTION = YES;
				GCC_WARN_UNUSED_VARIABLE = YES;
				IPHONEOS_DEPLOYMENT_TARGET = 13.2;
				MTL_ENABLE_DEBUG_INFO = NO;
				MTL_FAST_MATH = YES;
				SDKROOT = iphoneos;
				SWIFT_COMPILATION_MODE = wholemodule;
				SWIFT_OPTIMIZATION_LEVEL = "-O";
				VALIDATE_PRODUCT = YES;
			};
			name = Release;
		};
		4C43BA0D23C465F100D8FD1D /* Debug */ = {
			isa = XCBuildConfiguration;
			baseConfigurationReference = A08B2EF4B140DA3815476BE0 /* Pods-RIBsExample.debug.xcconfig */;
			buildSettings = {
				ASSETCATALOG_COMPILER_APPICON_NAME = AppIcon;
				CODE_SIGN_STYLE = Automatic;
				DEVELOPMENT_TEAM = R42JW2NS5S;
				INFOPLIST_FILE = RIBsExample/Info.plist;
				IPHONEOS_DEPLOYMENT_TARGET = 9.0;
				LD_RUNPATH_SEARCH_PATHS = (
					"$(inherited)",
					"@executable_path/Frameworks",
				);
				PRODUCT_BUNDLE_IDENTIFIER = com.kodaewon.RIBsExample;
				PRODUCT_NAME = "$(TARGET_NAME)";
				SWIFT_VERSION = 5.0;
				TARGETED_DEVICE_FAMILY = 1;
			};
			name = Debug;
		};
		4C43BA0E23C465F100D8FD1D /* Release */ = {
			isa = XCBuildConfiguration;
			baseConfigurationReference = 806E9535555EBD3089F3E6FD /* Pods-RIBsExample.release.xcconfig */;
			buildSettings = {
				ASSETCATALOG_COMPILER_APPICON_NAME = AppIcon;
				CODE_SIGN_STYLE = Automatic;
				DEVELOPMENT_TEAM = R42JW2NS5S;
				INFOPLIST_FILE = RIBsExample/Info.plist;
				IPHONEOS_DEPLOYMENT_TARGET = 9.0;
				LD_RUNPATH_SEARCH_PATHS = (
					"$(inherited)",
					"@executable_path/Frameworks",
				);
				PRODUCT_BUNDLE_IDENTIFIER = com.kodaewon.RIBsExample;
				PRODUCT_NAME = "$(TARGET_NAME)";
				SWIFT_VERSION = 5.0;
				TARGETED_DEVICE_FAMILY = 1;
			};
			name = Release;
		};
/* End XCBuildConfiguration section */

/* Begin XCConfigurationList section */
		4C43B9F323C465F000D8FD1D /* Build configuration list for PBXProject "RIBsExample" */ = {
			isa = XCConfigurationList;
			buildConfigurations = (
				4C43BA0A23C465F100D8FD1D /* Debug */,
				4C43BA0B23C465F100D8FD1D /* Release */,
			);
			defaultConfigurationIsVisible = 0;
			defaultConfigurationName = Release;
		};
		4C43BA0C23C465F100D8FD1D /* Build configuration list for PBXNativeTarget "RIBsExample" */ = {
			isa = XCConfigurationList;
			buildConfigurations = (
				4C43BA0D23C465F100D8FD1D /* Debug */,
				4C43BA0E23C465F100D8FD1D /* Release */,
			);
			defaultConfigurationIsVisible = 0;
			defaultConfigurationName = Release;
		};
/* End XCConfigurationList section */
	};
	rootObject = 4C43B9F023C465F000D8FD1D /* Project object */;
}
