// !$*UTF8*$!
{
	archiveVersion = 1;
	classes = {
	};
	objectVersion = 50;
	objects = {

/* Begin PBXBuildFile section */
		4C403BCD23D5918E007F1C93 /* AppDelegate.swift in Sources */ = {isa = PBXBuildFile; fileRef = 4C403BCC23D5918E007F1C93 /* AppDelegate.swift */; };
		4C403BCF23D5918E007F1C93 /* SceneDelegate.swift in Sources */ = {isa = PBXBuildFile; fileRef = 4C403BCE23D5918E007F1C93 /* SceneDelegate.swift */; };
		4C403BD123D5918E007F1C93 /* ViewController.swift in Sources */ = {isa = PBXBuildFile; fileRef = 4C403BD023D5918E007F1C93 /* ViewController.swift */; };
		4C403BD423D5918E007F1C93 /* Main.storyboard in Resources */ = {isa = PBXBuildFile; fileRef = 4C403BD223D5918E007F1C93 /* Main.storyboard */; };
		4C403BD623D59190007F1C93 /* Assets.xcassets in Resources */ = {isa = PBXBuildFile; fileRef = 4C403BD523D59190007F1C93 /* Assets.xcassets */; };
		4C403BD923D59190007F1C93 /* LaunchScreen.storyboard in Resources */ = {isa = PBXBuildFile; fileRef = 4C403BD723D59190007F1C93 /* LaunchScreen.storyboard */; };
		4C403BE523D592DD007F1C93 /* LoginRouter.swift in Sources */ = {isa = PBXBuildFile; fileRef = 4C403BE123D592DD007F1C93 /* LoginRouter.swift */; };
		4C403BE623D592DD007F1C93 /* LoginViewController.swift in Sources */ = {isa = PBXBuildFile; fileRef = 4C403BE223D592DD007F1C93 /* LoginViewController.swift */; };
		4C403BE723D592DD007F1C93 /* LoginBuilder.swift in Sources */ = {isa = PBXBuildFile; fileRef = 4C403BE323D592DD007F1C93 /* LoginBuilder.swift */; };
		4C403BE823D592DD007F1C93 /* LoginInteractor.swift in Sources */ = {isa = PBXBuildFile; fileRef = 4C403BE423D592DD007F1C93 /* LoginInteractor.swift */; };
		EDCFB8E7E1D53E6097A559D7 /* libPods-RIBsPatterns.a in Frameworks */ = {isa = PBXBuildFile; fileRef = E425E29875FD31FA0B0C55C3 /* libPods-RIBsPatterns.a */; };
/* End PBXBuildFile section */

/* Begin PBXFileReference section */
		4C403BC923D5918E007F1C93 /* RIBsPatterns.app */ = {isa = PBXFileReference; explicitFileType = wrapper.application; includeInIndex = 0; path = RIBsPatterns.app; sourceTree = BUILT_PRODUCTS_DIR; };
		4C403BCC23D5918E007F1C93 /* AppDelegate.swift */ = {isa = PBXFileReference; lastKnownFileType = sourcecode.swift; path = AppDelegate.swift; sourceTree = "<group>"; };
		4C403BCE23D5918E007F1C93 /* SceneDelegate.swift */ = {isa = PBXFileReference; lastKnownFileType = sourcecode.swift; path = SceneDelegate.swift; sourceTree = "<group>"; };
		4C403BD023D5918E007F1C93 /* ViewController.swift */ = {isa = PBXFileReference; lastKnownFileType = sourcecode.swift; path = ViewController.swift; sourceTree = "<group>"; };
		4C403BD323D5918E007F1C93 /* Base */ = {isa = PBXFileReference; lastKnownFileType = file.storyboard; name = Base; path = Base.lproj/Main.storyboard; sourceTree = "<group>"; };
		4C403BD523D59190007F1C93 /* Assets.xcassets */ = {isa = PBXFileReference; lastKnownFileType = folder.assetcatalog; path = Assets.xcassets; sourceTree = "<group>"; };
		4C403BD823D59190007F1C93 /* Base */ = {isa = PBXFileReference; lastKnownFileType = file.storyboard; name = Base; path = Base.lproj/LaunchScreen.storyboard; sourceTree = "<group>"; };
		4C403BDA23D59190007F1C93 /* Info.plist */ = {isa = PBXFileReference; lastKnownFileType = text.plist.xml; path = Info.plist; sourceTree = "<group>"; };
		4C403BE123D592DD007F1C93 /* LoginRouter.swift */ = {isa = PBXFileReference; lastKnownFileType = sourcecode.swift; path = LoginRouter.swift; sourceTree = "<group>"; };
		4C403BE223D592DD007F1C93 /* LoginViewController.swift */ = {isa = PBXFileReference; lastKnownFileType = sourcecode.swift; path = LoginViewController.swift; sourceTree = "<group>"; };
		4C403BE323D592DD007F1C93 /* LoginBuilder.swift */ = {isa = PBXFileReference; lastKnownFileType = sourcecode.swift; path = LoginBuilder.swift; sourceTree = "<group>"; };
		4C403BE423D592DD007F1C93 /* LoginInteractor.swift */ = {isa = PBXFileReference; lastKnownFileType = sourcecode.swift; path = LoginInteractor.swift; sourceTree = "<group>"; };
		7510E9D6D9A8155D6C5C6FF2 /* Pods-RIBsPatterns.release.xcconfig */ = {isa = PBXFileReference; includeInIndex = 1; lastKnownFileType = text.xcconfig; name = "Pods-RIBsPatterns.release.xcconfig"; path = "Target Support Files/Pods-RIBsPatterns/Pods-RIBsPatterns.release.xcconfig"; sourceTree = "<group>"; };
		7E5B702F6BA5A08CD0DEAB4D /* Pods-RIBsPatterns.debug.xcconfig */ = {isa = PBXFileReference; includeInIndex = 1; lastKnownFileType = text.xcconfig; name = "Pods-RIBsPatterns.debug.xcconfig"; path = "Target Support Files/Pods-RIBsPatterns/Pods-RIBsPatterns.debug.xcconfig"; sourceTree = "<group>"; };
		E425E29875FD31FA0B0C55C3 /* libPods-RIBsPatterns.a */ = {isa = PBXFileReference; explicitFileType = archive.ar; includeInIndex = 0; path = "libPods-RIBsPatterns.a"; sourceTree = BUILT_PRODUCTS_DIR; };
/* End PBXFileReference section */

/* Begin PBXFrameworksBuildPhase section */
		4C403BC623D5918E007F1C93 /* Frameworks */ = {
			isa = PBXFrameworksBuildPhase;
			buildActionMask = 2147483647;
			files = (
				EDCFB8E7E1D53E6097A559D7 /* libPods-RIBsPatterns.a in Frameworks */,
			);
			runOnlyForDeploymentPostprocessing = 0;
		};
/* End PBXFrameworksBuildPhase section */

/* Begin PBXGroup section */
		4C403BC023D5918E007F1C93 = {
			isa = PBXGroup;
			children = (
				4C403BCB23D5918E007F1C93 /* RIBsPatterns */,
				4C403BCA23D5918E007F1C93 /* Products */,
				7975144A11D3578B2AE88877 /* Pods */,
				4C97D48DDB501C6E561C5407 /* Frameworks */,
			);
			sourceTree = "<group>";
		};
		4C403BCA23D5918E007F1C93 /* Products */ = {
			isa = PBXGroup;
			children = (
				4C403BC923D5918E007F1C93 /* RIBsPatterns.app */,
			);
			name = Products;
			sourceTree = "<group>";
		};
		4C403BCB23D5918E007F1C93 /* RIBsPatterns */ = {
			isa = PBXGroup;
			children = (
				4C403BE023D592BB007F1C93 /* Login */,
				4C403BCC23D5918E007F1C93 /* AppDelegate.swift */,
				4C403BCE23D5918E007F1C93 /* SceneDelegate.swift */,
				4C403BD023D5918E007F1C93 /* ViewController.swift */,
				4C403BD223D5918E007F1C93 /* Main.storyboard */,
				4C403BD523D59190007F1C93 /* Assets.xcassets */,
				4C403BD723D59190007F1C93 /* LaunchScreen.storyboard */,
				4C403BDA23D59190007F1C93 /* Info.plist */,
			);
			path = RIBsPatterns;
			sourceTree = "<group>";
		};
		4C403BE023D592BB007F1C93 /* Login */ = {
			isa = PBXGroup;
			children = (
				4C403BE123D592DD007F1C93 /* LoginRouter.swift */,
				4C403BE223D592DD007F1C93 /* LoginViewController.swift */,
				4C403BE323D592DD007F1C93 /* LoginBuilder.swift */,
				4C403BE423D592DD007F1C93 /* LoginInteractor.swift */,
			);
			path = Login;
			sourceTree = "<group>";
		};
		4C97D48DDB501C6E561C5407 /* Frameworks */ = {
			isa = PBXGroup;
			children = (
				E425E29875FD31FA0B0C55C3 /* libPods-RIBsPatterns.a */,
			);
			name = Frameworks;
			sourceTree = "<group>";
		};
		7975144A11D3578B2AE88877 /* Pods */ = {
			isa = PBXGroup;
			children = (
				7E5B702F6BA5A08CD0DEAB4D /* Pods-RIBsPatterns.debug.xcconfig */,
				7510E9D6D9A8155D6C5C6FF2 /* Pods-RIBsPatterns.release.xcconfig */,
			);
			path = Pods;
			sourceTree = "<group>";
		};
/* End PBXGroup section */

/* Begin PBXNativeTarget section */
		4C403BC823D5918E007F1C93 /* RIBsPatterns */ = {
			isa = PBXNativeTarget;
			buildConfigurationList = 4C403BDD23D59190007F1C93 /* Build configuration list for PBXNativeTarget "RIBsPatterns" */;
			buildPhases = (
				1F02AF2F43FE210F4BDACCD2 /* [CP] Check Pods Manifest.lock */,
				4C403BC523D5918E007F1C93 /* Sources */,
				4C403BC623D5918E007F1C93 /* Frameworks */,
				4C403BC723D5918E007F1C93 /* Resources */,
			);
			buildRules = (
			);
			dependencies = (
			);
			name = RIBsPatterns;
			productName = RIBsPatterns;
			productReference = 4C403BC923D5918E007F1C93 /* RIBsPatterns.app */;
			productType = "com.apple.product-type.application";
		};
/* End PBXNativeTarget section */

/* Begin PBXProject section */
		4C403BC123D5918E007F1C93 /* Project object */ = {
			isa = PBXProject;
			attributes = {
				LastSwiftUpdateCheck = 1130;
				LastUpgradeCheck = 1130;
				ORGANIZATIONNAME = "고대원";
				TargetAttributes = {
					4C403BC823D5918E007F1C93 = {
						CreatedOnToolsVersion = 11.3.1;
					};
				};
			};
			buildConfigurationList = 4C403BC423D5918E007F1C93 /* Build configuration list for PBXProject "RIBsPatterns" */;
			compatibilityVersion = "Xcode 9.3";
			developmentRegion = en;
			hasScannedForEncodings = 0;
			knownRegions = (
				en,
				Base,
			);
			mainGroup = 4C403BC023D5918E007F1C93;
			productRefGroup = 4C403BCA23D5918E007F1C93 /* Products */;
			projectDirPath = "";
			projectRoot = "";
			targets = (
				4C403BC823D5918E007F1C93 /* RIBsPatterns */,
			);
		};
/* End PBXProject section */

/* Begin PBXResourcesBuildPhase section */
		4C403BC723D5918E007F1C93 /* Resources */ = {
			isa = PBXResourcesBuildPhase;
			buildActionMask = 2147483647;
			files = (
				4C403BD923D59190007F1C93 /* LaunchScreen.storyboard in Resources */,
				4C403BD623D59190007F1C93 /* Assets.xcassets in Resources */,
				4C403BD423D5918E007F1C93 /* Main.storyboard in Resources */,
			);
			runOnlyForDeploymentPostprocessing = 0;
		};
/* End PBXResourcesBuildPhase section */

/* Begin PBXShellScriptBuildPhase section */
		1F02AF2F43FE210F4BDACCD2 /* [CP] Check Pods Manifest.lock */ = {
			isa = PBXShellScriptBuildPhase;
			buildActionMask = 2147483647;
			files = (
			);
			inputFileListPaths = (
			);
			inputPaths = (
				"${PODS_PODFILE_DIR_PATH}/Podfile.lock",
				"${PODS_ROOT}/Manifest.lock",
			);
			name = "[CP] Check Pods Manifest.lock";
			outputFileListPaths = (
			);
			outputPaths = (
				"$(DERIVED_FILE_DIR)/Pods-RIBsPatterns-checkManifestLockResult.txt",
			);
			runOnlyForDeploymentPostprocessing = 0;
			shellPath = /bin/sh;
			shellScript = "diff \"${PODS_PODFILE_DIR_PATH}/Podfile.lock\" \"${PODS_ROOT}/Manifest.lock\" > /dev/null\nif [ $? != 0 ] ; then\n    # print error to STDERR\n    echo \"error: The sandbox is not in sync with the Podfile.lock. Run 'pod install' or update your CocoaPods installation.\" >&2\n    exit 1\nfi\n# This output is used by Xcode 'outputs' to avoid re-running this script phase.\necho \"SUCCESS\" > \"${SCRIPT_OUTPUT_FILE_0}\"\n";
			showEnvVarsInLog = 0;
		};
/* End PBXShellScriptBuildPhase section */

/* Begin PBXSourcesBuildPhase section */
		4C403BC523D5918E007F1C93 /* Sources */ = {
			isa = PBXSourcesBuildPhase;
			buildActionMask = 2147483647;
			files = (
				4C403BD123D5918E007F1C93 /* ViewController.swift in Sources */,
				4C403BCD23D5918E007F1C93 /* AppDelegate.swift in Sources */,
				4C403BE823D592DD007F1C93 /* LoginInteractor.swift in Sources */,
				4C403BE523D592DD007F1C93 /* LoginRouter.swift in Sources */,
				4C403BE723D592DD007F1C93 /* LoginBuilder.swift in Sources */,
				4C403BE623D592DD007F1C93 /* LoginViewController.swift in Sources */,
				4C403BCF23D5918E007F1C93 /* SceneDelegate.swift in Sources */,
			);
			runOnlyForDeploymentPostprocessing = 0;
		};
/* End PBXSourcesBuildPhase section */

/* Begin PBXVariantGroup section */
		4C403BD223D5918E007F1C93 /* Main.storyboard */ = {
			isa = PBXVariantGroup;
			children = (
				4C403BD323D5918E007F1C93 /* Base */,
			);
			name = Main.storyboard;
			sourceTree = "<group>";
		};
		4C403BD723D59190007F1C93 /* LaunchScreen.storyboard */ = {
			isa = PBXVariantGroup;
			children = (
				4C403BD823D59190007F1C93 /* Base */,
			);
			name = LaunchScreen.storyboard;
			sourceTree = "<group>";
		};
/* End PBXVariantGroup section */

/* Begin XCBuildConfiguration section */
		4C403BDB23D59190007F1C93 /* Debug */ = {
			isa = XCBuildConfiguration;
			buildSettings = {
				ALWAYS_SEARCH_USER_PATHS = NO;
				CLANG_ANALYZER_NONNULL = YES;
				CLANG_ANALYZER_NUMBER_OBJECT_CONVERSION = YES_AGGRESSIVE;
				CLANG_CXX_LANGUAGE_STANDARD = "gnu++14";
				CLANG_CXX_LIBRARY = "libc++";
				CLANG_ENABLE_MODULES = YES;
				CLANG_ENABLE_OBJC_ARC = YES;
				CLANG_ENABLE_OBJC_WEAK = YES;
				CLANG_WARN_BLOCK_CAPTURE_AUTORELEASING = YES;
				CLANG_WARN_BOOL_CONVERSION = YES;
				CLANG_WARN_COMMA = YES;
				CLANG_WARN_CONSTANT_CONVERSION = YES;
				CLANG_WARN_DEPRECATED_OBJC_IMPLEMENTATIONS = YES;
				CLANG_WARN_DIRECT_OBJC_ISA_USAGE = YES_ERROR;
				CLANG_WARN_DOCUMENTATION_COMMENTS = YES;
				CLANG_WARN_EMPTY_BODY = YES;
				CLANG_WARN_ENUM_CONVERSION = YES;
				CLANG_WARN_INFINITE_RECURSION = YES;
				CLANG_WARN_INT_CONVERSION = YES;
				CLANG_WARN_NON_LITERAL_NULL_CONVERSION = YES;
				CLANG_WARN_OBJC_IMPLICIT_RETAIN_SELF = YES;
				CLANG_WARN_OBJC_LITERAL_CONVERSION = YES;
				CLANG_WARN_OBJC_ROOT_CLASS = YES_ERROR;
				CLANG_WARN_RANGE_LOOP_ANALYSIS = YES;
				CLANG_WARN_STRICT_PROTOTYPES = YES;
				CLANG_WARN_SUSPICIOUS_MOVE = YES;
				CLANG_WARN_UNGUARDED_AVAILABILITY = YES_AGGRESSIVE;
				CLANG_WARN_UNREACHABLE_CODE = YES;
				CLANG_WARN__DUPLICATE_METHOD_MATCH = YES;
				COPY_PHASE_STRIP = NO;
				DEBUG_INFORMATION_FORMAT = dwarf;
				ENABLE_STRICT_OBJC_MSGSEND = YES;
				ENABLE_TESTABILITY = YES;
				GCC_C_LANGUAGE_STANDARD = gnu11;
				GCC_DYNAMIC_NO_PIC = NO;
				GCC_NO_COMMON_BLOCKS = YES;
				GCC_OPTIMIZATION_LEVEL = 0;
				GCC_PREPROCESSOR_DEFINITIONS = (
					"DEBUG=1",
					"$(inherited)",
				);
				GCC_WARN_64_TO_32_BIT_CONVERSION = YES;
				GCC_WARN_ABOUT_RETURN_TYPE = YES_ERROR;
				GCC_WARN_UNDECLARED_SELECTOR = YES;
				GCC_WARN_UNINITIALIZED_AUTOS = YES_AGGRESSIVE;
				GCC_WARN_UNUSED_FUNCTION = YES;
				GCC_WARN_UNUSED_VARIABLE = YES;
				IPHONEOS_DEPLOYMENT_TARGET = 13.2;
				MTL_ENABLE_DEBUG_INFO = INCLUDE_SOURCE;
				MTL_FAST_MATH = YES;
				ONLY_ACTIVE_ARCH = YES;
				SDKROOT = iphoneos;
				SWIFT_ACTIVE_COMPILATION_CONDITIONS = DEBUG;
				SWIFT_OPTIMIZATION_LEVEL = "-Onone";
			};
			name = Debug;
		};
		4C403BDC23D59190007F1C93 /* Release */ = {
			isa = XCBuildConfiguration;
			buildSettings = {
				ALWAYS_SEARCH_USER_PATHS = NO;
				CLANG_ANALYZER_NONNULL = YES;
				CLANG_ANALYZER_NUMBER_OBJECT_CONVERSION = YES_AGGRESSIVE;
				CLANG_CXX_LANGUAGE_STANDARD = "gnu++14";
				CLANG_CXX_LIBRARY = "libc++";
				CLANG_ENABLE_MODULES = YES;
				CLANG_ENABLE_OBJC_ARC = YES;
				CLANG_ENABLE_OBJC_WEAK = YES;
				CLANG_WARN_BLOCK_CAPTURE_AUTORELEASING = YES;
				CLANG_WARN_BOOL_CONVERSION = YES;
				CLANG_WARN_COMMA = YES;
				CLANG_WARN_CONSTANT_CONVERSION = YES;
				CLANG_WARN_DEPRECATED_OBJC_IMPLEMENTATIONS = YES;
				CLANG_WARN_DIRECT_OBJC_ISA_USAGE = YES_ERROR;
				CLANG_WARN_DOCUMENTATION_COMMENTS = YES;
				CLANG_WARN_EMPTY_BODY = YES;
				CLANG_WARN_ENUM_CONVERSION = YES;
				CLANG_WARN_INFINITE_RECURSION = YES;
				CLANG_WARN_INT_CONVERSION = YES;
				CLANG_WARN_NON_LITERAL_NULL_CONVERSION = YES;
				CLANG_WARN_OBJC_IMPLICIT_RETAIN_SELF = YES;
				CLANG_WARN_OBJC_LITERAL_CONVERSION = YES;
				CLANG_WARN_OBJC_ROOT_CLASS = YES_ERROR;
				CLANG_WARN_RANGE_LOOP_ANALYSIS = YES;
				CLANG_WARN_STRICT_PROTOTYPES = YES;
				CLANG_WARN_SUSPICIOUS_MOVE = YES;
				CLANG_WARN_UNGUARDED_AVAILABILITY = YES_AGGRESSIVE;
				CLANG_WARN_UNREACHABLE_CODE = YES;
				CLANG_WARN__DUPLICATE_METHOD_MATCH = YES;
				COPY_PHASE_STRIP = NO;
				DEBUG_INFORMATION_FORMAT = "dwarf-with-dsym";
				ENABLE_NS_ASSERTIONS = NO;
				ENABLE_STRICT_OBJC_MSGSEND = YES;
				GCC_C_LANGUAGE_STANDARD = gnu11;
				GCC_NO_COMMON_BLOCKS = YES;
				GCC_WARN_64_TO_32_BIT_CONVERSION = YES;
				GCC_WARN_ABOUT_RETURN_TYPE = YES_ERROR;
				GCC_WARN_UNDECLARED_SELECTOR = YES;
				GCC_WARN_UNINITIALIZED_AUTOS = YES_AGGRESSIVE;
				GCC_WARN_UNUSED_FUNCTION = YES;
				GCC_WARN_UNUSED_VARIABLE = YES;
				IPHONEOS_DEPLOYMENT_TARGET = 13.2;
				MTL_ENABLE_DEBUG_INFO = NO;
				MTL_FAST_MATH = YES;
				SDKROOT = iphoneos;
				SWIFT_COMPILATION_MODE = wholemodule;
				SWIFT_OPTIMIZATION_LEVEL = "-O";
				VALIDATE_PRODUCT = YES;
			};
			name = Release;
		};
		4C403BDE23D59190007F1C93 /* Debug */ = {
			isa = XCBuildConfiguration;
			baseConfigurationReference = 7E5B702F6BA5A08CD0DEAB4D /* Pods-RIBsPatterns.debug.xcconfig */;
			buildSettings = {
				ASSETCATALOG_COMPILER_APPICON_NAME = AppIcon;
				CODE_SIGN_STYLE = Automatic;
				DEVELOPMENT_TEAM = R42JW2NS5S;
				INFOPLIST_FILE = RIBsPatterns/Info.plist;
				LD_RUNPATH_SEARCH_PATHS = (
					"$(inherited)",
					"@executable_path/Frameworks",
				);
				PRODUCT_BUNDLE_IDENTIFIER = com.kodaewon.RIBsPatterns;
				PRODUCT_NAME = "$(TARGET_NAME)";
				SWIFT_VERSION = 5.0;
				TARGETED_DEVICE_FAMILY = "1,2";
			};
			name = Debug;
		};
		4C403BDF23D59190007F1C93 /* Release */ = {
			isa = XCBuildConfiguration;
			baseConfigurationReference = 7510E9D6D9A8155D6C5C6FF2 /* Pods-RIBsPatterns.release.xcconfig */;
			buildSettings = {
				ASSETCATALOG_COMPILER_APPICON_NAME = AppIcon;
				CODE_SIGN_STYLE = Automatic;
				DEVELOPMENT_TEAM = R42JW2NS5S;
				INFOPLIST_FILE = RIBsPatterns/Info.plist;
				LD_RUNPATH_SEARCH_PATHS = (
					"$(inherited)",
					"@executable_path/Frameworks",
				);
				PRODUCT_BUNDLE_IDENTIFIER = com.kodaewon.RIBsPatterns;
				PRODUCT_NAME = "$(TARGET_NAME)";
				SWIFT_VERSION = 5.0;
				TARGETED_DEVICE_FAMILY = "1,2";
			};
			name = Release;
		};
/* End XCBuildConfiguration section */

/* Begin XCConfigurationList section */
		4C403BC423D5918E007F1C93 /* Build configuration list for PBXProject "RIBsPatterns" */ = {
			isa = XCConfigurationList;
			buildConfigurations = (
				4C403BDB23D59190007F1C93 /* Debug */,
				4C403BDC23D59190007F1C93 /* Release */,
			);
			defaultConfigurationIsVisible = 0;
			defaultConfigurationName = Release;
		};
		4C403BDD23D59190007F1C93 /* Build configuration list for PBXNativeTarget "RIBsPatterns" */ = {
			isa = XCConfigurationList;
			buildConfigurations = (
				4C403BDE23D59190007F1C93 /* Debug */,
				4C403BDF23D59190007F1C93 /* Release */,
			);
			defaultConfigurationIsVisible = 0;
			defaultConfigurationName = Release;
		};
/* End XCConfigurationList section */
	};
	rootObject = 4C403BC123D5918E007F1C93 /* Project object */;
}
